{
  "name": "hubble-ui",
  "requires": true,
  "lockfileVersion": 1,
  "dependencies": {
    "@types/jsrsasign": {
      "version": "10.5.12",
      "resolved": "https://registry.npmjs.org/@types/jsrsasign/-/jsrsasign-10.5.12.tgz",
      "integrity": "sha512-sOA+eVnHU+FziThpMhuqs/tjFKe5gHVJKIS7g1BzhXP+e2FS8OvtzM0K3IzFxVksDOr98Gz5FJiZVxZ9uFoHhw=="
    },
    "jsrsasign": {
      "version": "10.8.6",
      "resolved": "https://registry.npmjs.org/jsrsasign/-/jsrsasign-10.8.6.tgz",
      "integrity": "sha512-bQmbVtsfbgaKBTWCKiDCPlUPbdlRIK/FzSwT3BzIgZl/cU6TqXu6pZJsCI/dJVrZ9Gir5GC4woqw9shH/v7MBw=="
    }
  }
}
